
Microsoft Visual Studio Solution File, Format Version 12.00
# Visual Studio Version 16
VisualStudioVersion = 25.0.1706.1
MinimumVisualStudioVersion = 10.0.40219.1
Project("{FAE04EC0-301F-11D3-BF4B-00C04F79EFBC}") = "SrDevTest.Android", "SrDevTest\SrDevTest.Android\SrDevTest.Android.csproj", "{29C2B45A-BC80-432B-953A-BA6C404A2F07}"
EndProject
Project("{FAE04EC0-301F-11D3-BF4B-00C04F79EFBC}") = "SrDevTest.iOS", "SrDevTest\SrDevTest.iOS\SrDevTest.iOS.csproj", "{5310B3A3-0CEF-40C4-9B36-98C60F25689C}"
EndProject
Project("{FAE04EC0-301F-11D3-BF4B-00C04F79EFBC}") = "SrDevTest", "SrDevTest\SrDevTest\SrDevTest.csproj", "{C0547769-A0AC-4AB3-A900-9464EB729B68}"
EndProject
Global
	GlobalSection(SolutionConfigurationPlatforms) = preSolution
		Debug|Any CPU = Debug|Any CPU
		Release|Any CPU = Release|Any CPU
		Debug|iPhoneSimulator = Debug|iPhoneSimulator
		Release|iPhoneSimulator = Release|iPhoneSimulator
		Debug|iPhone = Debug|iPhone
		Release|iPhone = Release|iPhone
	EndGlobalSection
	GlobalSection(ProjectConfigurationPlatforms) = postSolution
		{29C2B45A-BC80-432B-953A-BA6C404A2F07}.Debug|Any CPU.ActiveCfg = Debug|Any CPU
		{29C2B45A-BC80-432B-953A-BA6C404A2F07}.Debug|Any CPU.Build.0 = Debug|Any CPU
		{29C2B45A-BC80-432B-953A-BA6C404A2F07}.Release|Any CPU.ActiveCfg = Release|Any CPU
		{29C2B45A-BC80-432B-953A-BA6C404A2F07}.Release|Any CPU.Build.0 = Release|Any CPU
		{29C2B45A-BC80-432B-953A-BA6C404A2F07}.Debug|iPhoneSimulator.ActiveCfg = Debug|Any CPU
		{29C2B45A-BC80-432B-953A-BA6C404A2F07}.Debug|iPhoneSimulator.Build.0 = Debug|Any CPU
		{29C2B45A-BC80-432B-953A-BA6C404A2F07}.Release|iPhoneSimulator.ActiveCfg = Release|Any CPU
		{29C2B45A-BC80-432B-953A-BA6C404A2F07}.Release|iPhoneSimulator.Build.0 = Release|Any CPU
		{29C2B45A-BC80-432B-953A-BA6C404A2F07}.Debug|iPhone.ActiveCfg = Debug|Any CPU
		{29C2B45A-BC80-432B-953A-BA6C404A2F07}.Debug|iPhone.Build.0 = Debug|Any CPU
		{29C2B45A-BC80-432B-953A-BA6C404A2F07}.Release|iPhone.ActiveCfg = Release|Any CPU
		{29C2B45A-BC80-432B-953A-BA6C404A2F07}.Release|iPhone.Build.0 = Release|Any CPU
		{5310B3A3-0CEF-40C4-9B36-98C60F25689C}.Debug|Any CPU.ActiveCfg = Debug|iPhoneSimulator
		{5310B3A3-0CEF-40C4-9B36-98C60F25689C}.Debug|Any CPU.Build.0 = Debug|iPhoneSimulator
		{5310B3A3-0CEF-40C4-9B36-98C60F25689C}.Release|Any CPU.ActiveCfg = Release|iPhoneSimulator
		{5310B3A3-0CEF-40C4-9B36-98C60F25689C}.Release|Any CPU.Build.0 = Release|iPhoneSimulator
		{5310B3A3-0CEF-40C4-9B36-98C60F25689C}.Debug|iPhoneSimulator.ActiveCfg = Debug|iPhoneSimulator
		{5310B3A3-0CEF-40C4-9B36-98C60F25689C}.Debug|iPhoneSimulator.Build.0 = Debug|iPhoneSimulator
		{5310B3A3-0CEF-40C4-9B36-98C60F25689C}.Release|iPhoneSimulator.ActiveCfg = Release|iPhoneSimulator
		{5310B3A3-0CEF-40C4-9B36-98C60F25689C}.Release|iPhoneSimulator.Build.0 = Release|iPhoneSimulator
		{5310B3A3-0CEF-40C4-9B36-98C60F25689C}.Debug|iPhone.ActiveCfg = Debug|iPhone
		{5310B3A3-0CEF-40C4-9B36-98C60F25689C}.Debug|iPhone.Build.0 = Debug|iPhone
		{5310B3A3-0CEF-40C4-9B36-98C60F25689C}.Release|iPhone.ActiveCfg = Release|iPhone
		{5310B3A3-0CEF-40C4-9B36-98C60F25689C}.Release|iPhone.Build.0 = Release|iPhone
		{C0547769-A0AC-4AB3-A900-9464EB729B68}.Debug|Any CPU.ActiveCfg = Debug|Any CPU
		{C0547769-A0AC-4AB3-A900-9464EB729B68}.Debug|Any CPU.Build.0 = Debug|Any CPU
		{C0547769-A0AC-4AB3-A900-9464EB729B68}.Release|Any CPU.ActiveCfg = Release|Any CPU
		{C0547769-A0AC-4AB3-A900-9464EB729B68}.Release|Any CPU.Build.0 = Release|Any CPU
		{C0547769-A0AC-4AB3-A900-9464EB729B68}.Debug|iPhoneSimulator.ActiveCfg = Debug|Any CPU
		{C0547769-A0AC-4AB3-A900-9464EB729B68}.Debug|iPhoneSimulator.Build.0 = Debug|Any CPU
		{C0547769-A0AC-4AB3-A900-9464EB729B68}.Release|iPhoneSimulator.ActiveCfg = Release|Any CPU
		{C0547769-A0AC-4AB3-A900-9464EB729B68}.Release|iPhoneSimulator.Build.0 = Release|Any CPU
		{C0547769-A0AC-4AB3-A900-9464EB729B68}.Debug|iPhone.ActiveCfg = Debug|Any CPU
		{C0547769-A0AC-4AB3-A900-9464EB729B68}.Debug|iPhone.Build.0 = Debug|Any CPU
		{C0547769-A0AC-4AB3-A900-9464EB729B68}.Release|iPhone.ActiveCfg = Release|Any CPU
		{C0547769-A0AC-4AB3-A900-9464EB729B68}.Release|iPhone.Build.0 = Release|Any CPU
	EndGlobalSection
	GlobalSection(SolutionProperties) = preSolution
		HideSolutionNode = FALSE
	EndGlobalSection
	GlobalSection(ExtensibilityGlobals) = postSolution
		SolutionGuid = {B5917D0B-0CEA-4E1F-9B42-8A5109CC6338}
	EndGlobalSection
EndGlobal
